{
  "name": "tscripts",
  "version": "1.0.0",
  "lockfileVersion": 1,
  "requires": true,
  "dependencies": {
    "@types/jquery": {
      "version": "3.3.29",
      "resolved": "https://registry.npmjs.org/@types/jquery/-/jquery-3.3.29.tgz",
      "integrity": "sha512-FhJvBninYD36v3k6c+bVk1DSZwh7B5Dpb/Pyk3HKVsiohn0nhbefZZ+3JXbWQhFyt0MxSl2jRDdGQPHeOHFXrQ==",
      "requires": {
        "@types/sizzle": "*"
      }
    },
    "@types/jquery.datatables": {
      "version": "1.10.36",
      "resolved": "https://registry.npmjs.org/@types/jquery.datatables/-/jquery.datatables-1.10.36.tgz",
      "integrity": "sha1-mtnlxpkLWDRuUWzgzqhYbPyyG4U=",
      "requires": {
        "@types/jquery": "*"
      }
    },
    "@types/knockout": {
      "version": "3.4.64",
      "resolved": "https://registry.npmjs.org/@types/knockout/-/knockout-3.4.64.tgz",
      "integrity": "sha512-9RI6yMmXx7imrphme3BPAQAnwRScs9zho1PAeQbv8BqdNhYrDyrC3Inuc0S+3fgzOi8wH4sdWxG06CJfVieaIQ=="
    },
    "@types/sizzle": {
      "version": "2.3.2",
      "resolved": "https://registry.npmjs.org/@types/sizzle/-/sizzle-2.3.2.tgz",
      "integrity": "sha512-7EJYyKTL7tFR8+gDbB6Wwz/arpGa0Mywk1TJbNzKzHtzbwVmY4HR9WqS5VV7dsBUKQmPNr192jHr/VpBluj/hg=="
    }
  }
}
